{
  "name": "estrogenframework",
  "lockfileVersion": 2,
  "requires": true,
  "packages": {
    "": {
      "dependencies": {
        "node-phpfpm": "^1.0.1",
        "resolve": "^1.22.1"
      }
    },
    "node_modules/fastcgi-client": {
      "version": "0.0.1",
      "resolved": "https://registry.npmjs.org/fastcgi-client/-/fastcgi-client-0.0.1.tgz",
      "integrity": "sha512-aMf/0cYWJq5ggiuIQpS93Ff//CJUImPql2rzaT3hAMJrOLZUCrwAGsvrjPKb+FJ01IJtxigxPhnF/uzdIhePGg==",
      "engines": {
        "node": "^0.10.0 || ^4.0.0 || ^5.0.0"
      }
    },
    "node_modules/flat": {
      "version": "1.6.2",
      "resolved": "https://registry.npmjs.org/flat/-/flat-1.6.2.tgz",
      "integrity": "sha512-HdPlh/wtH+gVflFX49UV70kA2fF9oSgz3ICQE9OixGf3+llz+TZMuCpg53qg89lo6ZGiH4dbMtPElZeQ3ij3CA==",
      "dependencies": {
        "is-buffer": "~1.1.2"
      }
    },
    "node_modules/function-bind": {
      "version": "1.1.1",
      "resolved": "https://registry.npmjs.org/function-bind/-/function-bind-1.1.1.tgz",
      "integrity": "sha512-yIovAzMX49sF8Yl58fSCWJ5svSLuaibPxXQJFLmBObTuCr0Mf1KiPopGM9NiFjiYBCbfaa2Fh6breQ6ANVTI0A=="
    },
    "node_modules/has": {
      "version": "1.0.3",
      "resolved": "https://registry.npmjs.org/has/-/has-1.0.3.tgz",
      "integrity": "sha512-f2dvO0VU6Oej7RkWJGrehjbzMAjFp5/VKPp5tTpWIV4JHHZK1/BxbFRtf/siA2SWTe09caDmVtYYzWEIbBS4zw==",
      "dependencies": {
        "function-bind": "^1.1.1"
      },
      "engines": {
        "node": ">= 0.4.0"
      }
    },
    "node_modules/is-buffer": {
      "version": "1.1.6",
      "resolved": "https://registry.npmjs.org/is-buffer/-/is-buffer-1.1.6.tgz",
      "integrity": "sha512-NcdALwpXkTm5Zvvbk7owOUSvVvBKDgKP5/ewfXEznmQFfs4ZRmanOeKBTjRVjka3QFoN6XJ+9F3USqfHqTaU5w=="
    },
    "node_modules/is-core-module": {
      "version": "2.11.0",
      "resolved": "https://registry.npmjs.org/is-core-module/-/is-core-module-2.11.0.tgz",
      "integrity": "sha512-RRjxlvLDkD1YJwDbroBHMb+cukurkDWNyHx7D3oNB5x9rb5ogcksMC5wHCadcXoo67gVr/+3GFySh3134zi6rw==",
      "dependencies": {
        "has": "^1.0.3"
      },
      "funding": {
        "url": "https://github.com/sponsors/ljharb"
      }
    },
    "node_modules/node-phpfpm": {
      "version": "1.0.1",
      "resolved": "https://registry.npmjs.org/node-phpfpm/-/node-phpfpm-1.0.1.tgz",
      "integrity": "sha512-Gv08Ouv3ZevKd+QFMXZSmllp/bxo3SrZYwwEQFdp0Vn05t8Koc5aNkD/k5V3XNX+mGlzkv5wBvrKhwfioIps0Q==",
      "dependencies": {
        "fastcgi-client": "0.0.1",
        "urlencode-for-php": "^1.0.2"
      }
    },
    "node_modules/path-parse": {
      "version": "1.0.7",
      "resolved": "https://registry.npmjs.org/path-parse/-/path-parse-1.0.7.tgz",
      "integrity": "sha512-LDJzPVEEEPR+y48z93A0Ed0yXb8pAByGWo/k5YYdYgpY2/2EsOsksJrq7lOHxryrVOn1ejG6oAp8ahvOIQD8sw=="
    },
    "node_modules/resolve": {
      "version": "1.22.1",
      "resolved": "https://registry.npmjs.org/resolve/-/resolve-1.22.1.tgz",
      "integrity": "sha512-nBpuuYuY5jFsli/JIs1oldw6fOQCBioohqWZg/2hiaOybXOft4lonv85uDOKXdf8rhyK159cxU5cDcK/NKk8zw==",
      "dependencies": {
        "is-core-module": "^2.9.0",
        "path-parse": "^1.0.7",
        "supports-preserve-symlinks-flag": "^1.0.0"
      },
      "bin": {
        "resolve": "bin/resolve"
      },
      "funding": {
        "url": "https://github.com/sponsors/ljharb"
      }
    },
    "node_modules/supports-preserve-symlinks-flag": {
      "version": "1.0.0",
      "resolved": "https://registry.npmjs.org/supports-preserve-symlinks-flag/-/supports-preserve-symlinks-flag-1.0.0.tgz",
      "integrity": "sha512-ot0WnXS9fgdkgIcePe6RHNk1WA8+muPa6cSjeR3V8K27q9BB1rTE3R1p7Hv0z1ZyAc8s6Vvv8DIyWf681MAt0w==",
      "engines": {
        "node": ">= 0.4"
      },
      "funding": {
        "url": "https://github.com/sponsors/ljharb"
      }
    },
    "node_modules/urlencode-for-php": {
      "version": "1.0.4",
      "resolved": "https://registry.npmjs.org/urlencode-for-php/-/urlencode-for-php-1.0.4.tgz",
      "integrity": "sha512-e4SU1jHM4v2Ld32pDkt6KBpmRVxHm6MMvfBVORipf8PZa/RMOj0yftmGJgD4o2NmcP97lZR037ugVq/0TmgZfA==",
      "dependencies": {
        "flat": "^1.6.0"
      }
    }
  },
  "dependencies": {
    "fastcgi-client": {
      "version": "0.0.1",
      "resolved": "https://registry.npmjs.org/fastcgi-client/-/fastcgi-client-0.0.1.tgz",
      "integrity": "sha512-aMf/0cYWJq5ggiuIQpS93Ff//CJUImPql2rzaT3hAMJrOLZUCrwAGsvrjPKb+FJ01IJtxigxPhnF/uzdIhePGg=="
    },
    "flat": {
      "version": "1.6.2",
      "resolved": "https://registry.npmjs.org/flat/-/flat-1.6.2.tgz",
      "integrity": "sha512-HdPlh/wtH+gVflFX49UV70kA2fF9oSgz3ICQE9OixGf3+llz+TZMuCpg53qg89lo6ZGiH4dbMtPElZeQ3ij3CA==",
      "requires": {
        "is-buffer": "~1.1.2"
      }
    },
    "function-bind": {
      "version": "1.1.1",
      "resolved": "https://registry.npmjs.org/function-bind/-/function-bind-1.1.1.tgz",
      "integrity": "sha512-yIovAzMX49sF8Yl58fSCWJ5svSLuaibPxXQJFLmBObTuCr0Mf1KiPopGM9NiFjiYBCbfaa2Fh6breQ6ANVTI0A=="
    },
    "has": {
      "version": "1.0.3",
      "resolved": "https://registry.npmjs.org/has/-/has-1.0.3.tgz",
      "integrity": "sha512-f2dvO0VU6Oej7RkWJGrehjbzMAjFp5/VKPp5tTpWIV4JHHZK1/BxbFRtf/siA2SWTe09caDmVtYYzWEIbBS4zw==",
      "requires": {
        "function-bind": "^1.1.1"
      }
    },
    "is-buffer": {
      "version": "1.1.6",
      "resolved": "https://registry.npmjs.org/is-buffer/-/is-buffer-1.1.6.tgz",
      "integrity": "sha512-NcdALwpXkTm5Zvvbk7owOUSvVvBKDgKP5/ewfXEznmQFfs4ZRmanOeKBTjRVjka3QFoN6XJ+9F3USqfHqTaU5w=="
    },
    "is-core-module": {
      "version": "2.11.0",
      "resolved": "https://registry.npmjs.org/is-core-module/-/is-core-module-2.11.0.tgz",
      "integrity": "sha512-RRjxlvLDkD1YJwDbroBHMb+cukurkDWNyHx7D3oNB5x9rb5ogcksMC5wHCadcXoo67gVr/+3GFySh3134zi6rw==",
      "requires": {
        "has": "^1.0.3"
      }
    },
    "node-phpfpm": {
      "version": "1.0.1",
      "resolved": "https://registry.npmjs.org/node-phpfpm/-/node-phpfpm-1.0.1.tgz",
      "integrity": "sha512-Gv08Ouv3ZevKd+QFMXZSmllp/bxo3SrZYwwEQFdp0Vn05t8Koc5aNkD/k5V3XNX+mGlzkv5wBvrKhwfioIps0Q==",
      "requires": {
        "fastcgi-client": "0.0.1",
        "urlencode-for-php": "^1.0.2"
      }
    },
    "path-parse": {
      "version": "1.0.7",
      "resolved": "https://registry.npmjs.org/path-parse/-/path-parse-1.0.7.tgz",
      "integrity": "sha512-LDJzPVEEEPR+y48z93A0Ed0yXb8pAByGWo/k5YYdYgpY2/2EsOsksJrq7lOHxryrVOn1ejG6oAp8ahvOIQD8sw=="
    },
    "resolve": {
      "version": "1.22.1",
      "resolved": "https://registry.npmjs.org/resolve/-/resolve-1.22.1.tgz",
      "integrity": "sha512-nBpuuYuY5jFsli/JIs1oldw6fOQCBioohqWZg/2hiaOybXOft4lonv85uDOKXdf8rhyK159cxU5cDcK/NKk8zw==",
      "requires": {
        "is-core-module": "^2.9.0",
        "path-parse": "^1.0.7",
        "supports-preserve-symlinks-flag": "^1.0.0"
      }
    },
    "supports-preserve-symlinks-flag": {
      "version": "1.0.0",
      "resolved": "https://registry.npmjs.org/supports-preserve-symlinks-flag/-/supports-preserve-symlinks-flag-1.0.0.tgz",
      "integrity": "sha512-ot0WnXS9fgdkgIcePe6RHNk1WA8+muPa6cSjeR3V8K27q9BB1rTE3R1p7Hv0z1ZyAc8s6Vvv8DIyWf681MAt0w=="
    },
    "urlencode-for-php": {
      "version": "1.0.4",
      "resolved": "https://registry.npmjs.org/urlencode-for-php/-/urlencode-for-php-1.0.4.tgz",
      "integrity": "sha512-e4SU1jHM4v2Ld32pDkt6KBpmRVxHm6MMvfBVORipf8PZa/RMOj0yftmGJgD4o2NmcP97lZR037ugVq/0TmgZfA==",
      "requires": {
        "flat": "^1.6.0"
      }
    }
  }
}
